// !$*UTF8*$!
{
	archiveVersion = 1;
	classes = {
	};
	objectVersion = 50;
	objects = {

/* Begin PBXBuildFile section */
		0B25894125E87C87008789DF /* vtrofin_appApp.swift in Sources */ = {isa = PBXBuildFile; fileRef = 0B25894025E87C87008789DF /* vtrofin_appApp.swift */; };
		0B25894325E87C87008789DF /* ContentView.swift in Sources */ = {isa = PBXBuildFile; fileRef = 0B25894225E87C87008789DF /* ContentView.swift */; };
		0B25894525E87C87008789DF /* Assets.xcassets in Resources */ = {isa = PBXBuildFile; fileRef = 0B25894425E87C87008789DF /* Assets.xcassets */; };
		0B25894825E87C87008789DF /* Preview Assets.xcassets in Resources */ = {isa = PBXBuildFile; fileRef = 0B25894725E87C87008789DF /* Preview Assets.xcassets */; };
		0B25895325E87C88008789DF /* vtrofin_appTests.swift in Sources */ = {isa = PBXBuildFile; fileRef = 0B25895225E87C88008789DF /* vtrofin_appTests.swift */; };
		0B25895E25E87C88008789DF /* vtrofin_appUITests.swift in Sources */ = {isa = PBXBuildFile; fileRef = 0B25895D25E87C88008789DF /* vtrofin_appUITests.swift */; };
/* End PBXBuildFile section */

/* Begin PBXContainerItemProxy section */
		0B25894F25E87C88008789DF /* PBXContainerItemProxy */ = {
			isa = PBXContainerItemProxy;
			containerPortal = 0B25893525E87C87008789DF /* Project object */;
			proxyType = 1;
			remoteGlobalIDString = 0B25893C25E87C87008789DF;
			remoteInfo = "vtrofin-app";
		};
		0B25895A25E87C88008789DF /* PBXContainerItemProxy */ = {
			isa = PBXContainerItemProxy;
			containerPortal = 0B25893525E87C87008789DF /* Project object */;
			proxyType = 1;
			remoteGlobalIDString = 0B25893C25E87C87008789DF;
			remoteInfo = "vtrofin-app";
		};
/* End PBXContainerItemProxy section */

/* Begin PBXFileReference section */
		0B25893D25E87C87008789DF /* vtrofin-app.app */ = {isa = PBXFileReference; explicitFileType = wrapper.application; includeInIndex = 0; path = "vtrofin-app.app"; sourceTree = BUILT_PRODUCTS_DIR; };
		0B25894025E87C87008789DF /* vtrofin_appApp.swift */ = {isa = PBXFileReference; lastKnownFileType = sourcecode.swift; path = vtrofin_appApp.swift; sourceTree = "<group>"; };
		0B25894225E87C87008789DF /* ContentView.swift */ = {isa = PBXFileReference; lastKnownFileType = sourcecode.swift; path = ContentView.swift; sourceTree = "<group>"; };
		0B25894425E87C87008789DF /* Assets.xcassets */ = {isa = PBXFileReference; lastKnownFileType = folder.assetcatalog; path = Assets.xcassets; sourceTree = "<group>"; };
		0B25894725E87C87008789DF /* Preview Assets.xcassets */ = {isa = PBXFileReference; lastKnownFileType = folder.assetcatalog; path = "Preview Assets.xcassets"; sourceTree = "<group>"; };
		0B25894925E87C87008789DF /* Info.plist */ = {isa = PBXFileReference; lastKnownFileType = text.plist.xml; path = Info.plist; sourceTree = "<group>"; };
		0B25894E25E87C88008789DF /* vtrofin-appTests.xctest */ = {isa = PBXFileReference; explicitFileType = wrapper.cfbundle; includeInIndex = 0; path = "vtrofin-appTests.xctest"; sourceTree = BUILT_PRODUCTS_DIR; };
		0B25895225E87C88008789DF /* vtrofin_appTests.swift */ = {isa = PBXFileReference; lastKnownFileType = sourcecode.swift; path = vtrofin_appTests.swift; sourceTree = "<group>"; };
		0B25895425E87C88008789DF /* Info.plist */ = {isa = PBXFileReference; lastKnownFileType = text.plist.xml; path = Info.plist; sourceTree = "<group>"; };
		0B25895925E87C88008789DF /* vtrofin-appUITests.xctest */ = {isa = PBXFileReference; explicitFileType = wrapper.cfbundle; includeInIndex = 0; path = "vtrofin-appUITests.xctest"; sourceTree = BUILT_PRODUCTS_DIR; };
		0B25895D25E87C88008789DF /* vtrofin_appUITests.swift */ = {isa = PBXFileReference; lastKnownFileType = sourcecode.swift; path = vtrofin_appUITests.swift; sourceTree = "<group>"; };
		0B25895F25E87C88008789DF /* Info.plist */ = {isa = PBXFileReference; lastKnownFileType = text.plist.xml; path = Info.plist; sourceTree = "<group>"; };
/* End PBXFileReference section */

/* Begin PBXFrameworksBuildPhase section */
		0B25893A25E87C87008789DF /* Frameworks */ = {
			isa = PBXFrameworksBuildPhase;
			buildActionMask = 2147483647;
			files = (
			);
			runOnlyForDeploymentPostprocessing = 0;
		};
		0B25894B25E87C88008789DF /* Frameworks */ = {
			isa = PBXFrameworksBuildPhase;
			buildActionMask = 2147483647;
			files = (
			);
			runOnlyForDeploymentPostprocessing = 0;
		};
		0B25895625E87C88008789DF /* Frameworks */ = {
			isa = PBXFrameworksBuildPhase;
			buildActionMask = 2147483647;
			files = (
			);
			runOnlyForDeploymentPostprocessing = 0;
		};
/* End PBXFrameworksBuildPhase section */

/* Begin PBXGroup section */
		0B25893425E87C87008789DF = {
			isa = PBXGroup;
			children = (
				0B25893F25E87C87008789DF /* vtrofin-app */,
				0B25895125E87C88008789DF /* vtrofin-appTests */,
				0B25895C25E87C88008789DF /* vtrofin-appUITests */,
				0B25893E25E87C87008789DF /* Products */,
			);
			sourceTree = "<group>";
		};
		0B25893E25E87C87008789DF /* Products */ = {
			isa = PBXGroup;
			children = (
				0B25893D25E87C87008789DF /* vtrofin-app.app */,
				0B25894E25E87C88008789DF /* vtrofin-appTests.xctest */,
				0B25895925E87C88008789DF /* vtrofin-appUITests.xctest */,
			);
			name = Products;
			sourceTree = "<group>";
		};
		0B25893F25E87C87008789DF /* vtrofin-app */ = {
			isa = PBXGroup;
			children = (
				0B25894025E87C87008789DF /* vtrofin_appApp.swift */,
				0B25894225E87C87008789DF /* ContentView.swift */,
				0B25894425E87C87008789DF /* Assets.xcassets */,
				0B25894925E87C87008789DF /* Info.plist */,
				0B25894625E87C87008789DF /* Preview Content */,
			);
			path = "vtrofin-app";
			sourceTree = "<group>";
		};
		0B25894625E87C87008789DF /* Preview Content */ = {
			isa = PBXGroup;
			children = (
				0B25894725E87C87008789DF /* Preview Assets.xcassets */,
			);
			path = "Preview Content";
			sourceTree = "<group>";
		};
		0B25895125E87C88008789DF /* vtrofin-appTests */ = {
			isa = PBXGroup;
			children = (
				0B25895225E87C88008789DF /* vtrofin_appTests.swift */,
				0B25895425E87C88008789DF /* Info.plist */,
			);
			path = "vtrofin-appTests";
			sourceTree = "<group>";
		};
		0B25895C25E87C88008789DF /* vtrofin-appUITests */ = {
			isa = PBXGroup;
			children = (
				0B25895D25E87C88008789DF /* vtrofin_appUITests.swift */,
				0B25895F25E87C88008789DF /* Info.plist */,
			);
			path = "vtrofin-appUITests";
			sourceTree = "<group>";
		};
/* End PBXGroup section */

/* Begin PBXNativeTarget section */
		0B25893C25E87C87008789DF /* vtrofin-app */ = {
			isa = PBXNativeTarget;
			buildConfigurationList = 0B25896225E87C88008789DF /* Build configuration list for PBXNativeTarget "vtrofin-app" */;
			buildPhases = (
				0B25893925E87C87008789DF /* Sources */,
				0B25893A25E87C87008789DF /* Frameworks */,
				0B25893B25E87C87008789DF /* Resources */,
			);
			buildRules = (
			);
			dependencies = (
			);
			name = "vtrofin-app";
			productName = "vtrofin-app";
			productReference = 0B25893D25E87C87008789DF /* vtrofin-app.app */;
			productType = "com.apple.product-type.application";
		};
		0B25894D25E87C88008789DF /* vtrofin-appTests */ = {
			isa = PBXNativeTarget;
			buildConfigurationList = 0B25896525E87C88008789DF /* Build configuration list for PBXNativeTarget "vtrofin-appTests" */;
			buildPhases = (
				0B25894A25E87C88008789DF /* Sources */,
				0B25894B25E87C88008789DF /* Frameworks */,
				0B25894C25E87C88008789DF /* Resources */,
			);
			buildRules = (
			);
			dependencies = (
				0B25895025E87C88008789DF /* PBXTargetDependency */,
			);
			name = "vtrofin-appTests";
			productName = "vtrofin-appTests";
			productReference = 0B25894E25E87C88008789DF /* vtrofin-appTests.xctest */;
			productType = "com.apple.product-type.bundle.unit-test";
		};
		0B25895825E87C88008789DF /* vtrofin-appUITests */ = {
			isa = PBXNativeTarget;
			buildConfigurationList = 0B25896825E87C88008789DF /* Build configuration list for PBXNativeTarget "vtrofin-appUITests" */;
			buildPhases = (
				0B25895525E87C88008789DF /* Sources */,
				0B25895625E87C88008789DF /* Frameworks */,
				0B25895725E87C88008789DF /* Resources */,
			);
			buildRules = (
			);
			dependencies = (
				0B25895B25E87C88008789DF /* PBXTargetDependency */,
			);
			name = "vtrofin-appUITests";
			productName = "vtrofin-appUITests";
			productReference = 0B25895925E87C88008789DF /* vtrofin-appUITests.xctest */;
			productType = "com.apple.product-type.bundle.ui-testing";
		};
/* End PBXNativeTarget section */

/* Begin PBXProject section */
		0B25893525E87C87008789DF /* Project object */ = {
			isa = PBXProject;
			attributes = {
				LastSwiftUpdateCheck = 1240;
				LastUpgradeCheck = 1240;
				TargetAttributes = {
					0B25893C25E87C87008789DF = {
						CreatedOnToolsVersion = 12.4;
					};
					0B25894D25E87C88008789DF = {
						CreatedOnToolsVersion = 12.4;
						TestTargetID = 0B25893C25E87C87008789DF;
					};
					0B25895825E87C88008789DF = {
						CreatedOnToolsVersion = 12.4;
						TestTargetID = 0B25893C25E87C87008789DF;
					};
				};
			};
			buildConfigurationList = 0B25893825E87C87008789DF /* Build configuration list for PBXProject "vtrofin-app" */;
			compatibilityVersion = "Xcode 9.3";
			developmentRegion = en;
			hasScannedForEncodings = 0;
			knownRegions = (
				en,
				Base,
			);
			mainGroup = 0B25893425E87C87008789DF;
			productRefGroup = 0B25893E25E87C87008789DF /* Products */;
			projectDirPath = "";
			projectRoot = "";
			targets = (
				0B25893C25E87C87008789DF /* vtrofin-app */,
				0B25894D25E87C88008789DF /* vtrofin-appTests */,
				0B25895825E87C88008789DF /* vtrofin-appUITests */,
			);
		};
/* End PBXProject section */

/* Begin PBXResourcesBuildPhase section */
		0B25893B25E87C87008789DF /* Resources */ = {
			isa = PBXResourcesBuildPhase;
			buildActionMask = 2147483647;
			files = (
				0B25894825E87C87008789DF /* Preview Assets.xcassets in Resources */,
				0B25894525E87C87008789DF /* Assets.xcassets in Resources */,
			);
			runOnlyForDeploymentPostprocessing = 0;
		};
		0B25894C25E87C88008789DF /* Resources */ = {
			isa = PBXResourcesBuildPhase;
			buildActionMask = 2147483647;
			files = (
			);
			runOnlyForDeploymentPostprocessing = 0;
		};
		0B25895725E87C88008789DF /* Resources */ = {
			isa = PBXResourcesBuildPhase;
			buildActionMask = 2147483647;
			files = (
			);
			runOnlyForDeploymentPostprocessing = 0;
		};
/* End PBXResourcesBuildPhase section */

/* Begin PBXSourcesBuildPhase section */
		0B25893925E87C87008789DF /* Sources */ = {
			isa = PBXSourcesBuildPhase;
			buildActionMask = 2147483647;
			files = (
				0B25894325E87C87008789DF /* ContentView.swift in Sources */,
				0B25894125E87C87008789DF /* vtrofin_appApp.swift in Sources */,
			);
			runOnlyForDeploymentPostprocessing = 0;
		};
		0B25894A25E87C88008789DF /* Sources */ = {
			isa = PBXSourcesBuildPhase;
			buildActionMask = 2147483647;
			files = (
				0B25895325E87C88008789DF /* vtrofin_appTests.swift in Sources */,
			);
			runOnlyForDeploymentPostprocessing = 0;
		};
		0B25895525E87C88008789DF /* Sources */ = {
			isa = PBXSourcesBuildPhase;
			buildActionMask = 2147483647;
			files = (
				0B25895E25E87C88008789DF /* vtrofin_appUITests.swift in Sources */,
			);
			runOnlyForDeploymentPostprocessing = 0;
		};
/* End PBXSourcesBuildPhase section */

/* Begin PBXTargetDependency section */
		0B25895025E87C88008789DF /* PBXTargetDependency */ = {
			isa = PBXTargetDependency;
			target = 0B25893C25E87C87008789DF /* vtrofin-app */;
			targetProxy = 0B25894F25E87C88008789DF /* PBXContainerItemProxy */;
		};
		0B25895B25E87C88008789DF /* PBXTargetDependency */ = {
			isa = PBXTargetDependency;
			target = 0B25893C25E87C87008789DF /* vtrofin-app */;
			targetProxy = 0B25895A25E87C88008789DF /* PBXContainerItemProxy */;
		};
/* End PBXTargetDependency section */

/* Begin XCBuildConfiguration section */
		0B25896025E87C88008789DF /* Debug */ = {
			isa = XCBuildConfiguration;
			buildSettings = {
				ALWAYS_SEARCH_USER_PATHS = NO;
				CLANG_ANALYZER_NONNULL = YES;
				CLANG_ANALYZER_NUMBER_OBJECT_CONVERSION = YES_AGGRESSIVE;
				CLANG_CXX_LANGUAGE_STANDARD = "gnu++14";
				CLANG_CXX_LIBRARY = "libc++";
				CLANG_ENABLE_MODULES = YES;
				CLANG_ENABLE_OBJC_ARC = YES;
				CLANG_ENABLE_OBJC_WEAK = YES;
				CLANG_WARN_BLOCK_CAPTURE_AUTORELEASING = YES;
				CLANG_WARN_BOOL_CONVERSION = YES;
				CLANG_WARN_COMMA = YES;
				CLANG_WARN_CONSTANT_CONVERSION = YES;
				CLANG_WARN_DEPRECATED_OBJC_IMPLEMENTATIONS = YES;
				CLANG_WARN_DIRECT_OBJC_ISA_USAGE = YES_ERROR;
				CLANG_WARN_DOCUMENTATION_COMMENTS = YES;
				CLANG_WARN_EMPTY_BODY = YES;
				CLANG_WARN_ENUM_CONVERSION = YES;
				CLANG_WARN_INFINITE_RECURSION = YES;
				CLANG_WARN_INT_CONVERSION = YES;
				CLANG_WARN_NON_LITERAL_NULL_CONVERSION = YES;
				CLANG_WARN_OBJC_IMPLICIT_RETAIN_SELF = YES;
				CLANG_WARN_OBJC_LITERAL_CONVERSION = YES;
				CLANG_WARN_OBJC_ROOT_CLASS = YES_ERROR;
				CLANG_WARN_QUOTED_INCLUDE_IN_FRAMEWORK_HEADER = YES;
				CLANG_WARN_RANGE_LOOP_ANALYSIS = YES;
				CLANG_WARN_STRICT_PROTOTYPES = YES;
				CLANG_WARN_SUSPICIOUS_MOVE = YES;
				CLANG_WARN_UNGUARDED_AVAILABILITY = YES_AGGRESSIVE;
				CLANG_WARN_UNREACHABLE_CODE = YES;
				CLANG_WARN__DUPLICATE_METHOD_MATCH = YES;
				COPY_PHASE_STRIP = NO;
				DEBUG_INFORMATION_FORMAT = dwarf;
				ENABLE_STRICT_OBJC_MSGSEND = YES;
				ENABLE_TESTABILITY = YES;
				GCC_C_LANGUAGE_STANDARD = gnu11;
				GCC_DYNAMIC_NO_PIC = NO;
				GCC_NO_COMMON_BLOCKS = YES;
				GCC_OPTIMIZATION_LEVEL = 0;
				GCC_PREPROCESSOR_DEFINITIONS = (
					"DEBUG=1",
					"$(inherited)",
				);
				GCC_WARN_64_TO_32_BIT_CONVERSION = YES;
				GCC_WARN_ABOUT_RETURN_TYPE = YES_ERROR;
				GCC_WARN_UNDECLARED_SELECTOR = YES;
				GCC_WARN_UNINITIALIZED_AUTOS = YES_AGGRESSIVE;
				GCC_WARN_UNUSED_FUNCTION = YES;
				GCC_WARN_UNUSED_VARIABLE = YES;
				IPHONEOS_DEPLOYMENT_TARGET = 14.4;
				MTL_ENABLE_DEBUG_INFO = INCLUDE_SOURCE;
				MTL_FAST_MATH = YES;
				ONLY_ACTIVE_ARCH = YES;
				SDKROOT = iphoneos;
				SWIFT_ACTIVE_COMPILATION_CONDITIONS = DEBUG;
				SWIFT_OPTIMIZATION_LEVEL = "-Onone";
			};
			name = Debug;
		};
		0B25896125E87C88008789DF /* Release */ = {
			isa = XCBuildConfiguration;
			buildSettings = {
				ALWAYS_SEARCH_USER_PATHS = NO;
				CLANG_ANALYZER_NONNULL = YES;
				CLANG_ANALYZER_NUMBER_OBJECT_CONVERSION = YES_AGGRESSIVE;
				CLANG_CXX_LANGUAGE_STANDARD = "gnu++14";
				CLANG_CXX_LIBRARY = "libc++";
				CLANG_ENABLE_MODULES = YES;
				CLANG_ENABLE_OBJC_ARC = YES;
				CLANG_ENABLE_OBJC_WEAK = YES;
				CLANG_WARN_BLOCK_CAPTURE_AUTORELEASING = YES;
				CLANG_WARN_BOOL_CONVERSION = YES;
				CLANG_WARN_COMMA = YES;
				CLANG_WARN_CONSTANT_CONVERSION = YES;
				CLANG_WARN_DEPRECATED_OBJC_IMPLEMENTATIONS = YES;
				CLANG_WARN_DIRECT_OBJC_ISA_USAGE = YES_ERROR;
				CLANG_WARN_DOCUMENTATION_COMMENTS = YES;
				CLANG_WARN_EMPTY_BODY = YES;
				CLANG_WARN_ENUM_CONVERSION = YES;
				CLANG_WARN_INFINITE_RECURSION = YES;
				CLANG_WARN_INT_CONVERSION = YES;
				CLANG_WARN_NON_LITERAL_NULL_CONVERSION = YES;
				CLANG_WARN_OBJC_IMPLICIT_RETAIN_SELF = YES;
				CLANG_WARN_OBJC_LITERAL_CONVERSION = YES;
				CLANG_WARN_OBJC_ROOT_CLASS = YES_ERROR;
				CLANG_WARN_QUOTED_INCLUDE_IN_FRAMEWORK_HEADER = YES;
				CLANG_WARN_RANGE_LOOP_ANALYSIS = YES;
				CLANG_WARN_STRICT_PROTOTYPES = YES;
				CLANG_WARN_SUSPICIOUS_MOVE = YES;
				CLANG_WARN_UNGUARDED_AVAILABILITY = YES_AGGRESSIVE;
				CLANG_WARN_UNREACHABLE_CODE = YES;
				CLANG_WARN__DUPLICATE_METHOD_MATCH = YES;
				COPY_PHASE_STRIP = NO;
				DEBUG_INFORMATION_FORMAT = "dwarf-with-dsym";
				ENABLE_NS_ASSERTIONS = NO;
				ENABLE_STRICT_OBJC_MSGSEND = YES;
				GCC_C_LANGUAGE_STANDARD = gnu11;
				GCC_NO_COMMON_BLOCKS = YES;
				GCC_WARN_64_TO_32_BIT_CONVERSION = YES;
				GCC_WARN_ABOUT_RETURN_TYPE = YES_ERROR;
				GCC_WARN_UNDECLARED_SELECTOR = YES;
				GCC_WARN_UNINITIALIZED_AUTOS = YES_AGGRESSIVE;
				GCC_WARN_UNUSED_FUNCTION = YES;
				GCC_WARN_UNUSED_VARIABLE = YES;
				IPHONEOS_DEPLOYMENT_TARGET = 14.4;
				MTL_ENABLE_DEBUG_INFO = NO;
				MTL_FAST_MATH = YES;
				SDKROOT = iphoneos;
				SWIFT_COMPILATION_MODE = wholemodule;
				SWIFT_OPTIMIZATION_LEVEL = "-O";
				VALIDATE_PRODUCT = YES;
			};
			name = Release;
		};
		0B25896325E87C88008789DF /* Debug */ = {
			isa = XCBuildConfiguration;
			buildSettings = {
				ASSETCATALOG_COMPILER_APPICON_NAME = AppIcon;
				ASSETCATALOG_COMPILER_GLOBAL_ACCENT_COLOR_NAME = AccentColor;
				CODE_SIGN_STYLE = Automatic;
				DEVELOPMENT_ASSET_PATHS = "\"vtrofin-app/Preview Content\"";
				ENABLE_PREVIEWS = YES;
				INFOPLIST_FILE = "vtrofin-app/Info.plist";
				IPHONEOS_DEPLOYMENT_TARGET = 14.0;
				LD_RUNPATH_SEARCH_PATHS = (
					"$(inherited)",
					"@executable_path/Frameworks",
				);
				PRODUCT_BUNDLE_IDENTIFIER = "vtrofin.vtrofin-app";
				PRODUCT_NAME = "$(TARGET_NAME)";
				SWIFT_VERSION = 5.0;
				TARGETED_DEVICE_FAMILY = "1,2";
			};
			name = Debug;
		};
		0B25896425E87C88008789DF /* Release */ = {
			isa = XCBuildConfiguration;
			buildSettings = {
				ASSETCATALOG_COMPILER_APPICON_NAME = AppIcon;
				ASSETCATALOG_COMPILER_GLOBAL_ACCENT_COLOR_NAME = AccentColor;
				CODE_SIGN_STYLE = Automatic;
				DEVELOPMENT_ASSET_PATHS = "\"vtrofin-app/Preview Content\"";
				ENABLE_PREVIEWS = YES;
				INFOPLIST_FILE = "vtrofin-app/Info.plist";
				IPHONEOS_DEPLOYMENT_TARGET = 14.0;
				LD_RUNPATH_SEARCH_PATHS = (
					"$(inherited)",
					"@executable_path/Frameworks",
				);
				PRODUCT_BUNDLE_IDENTIFIER = "vtrofin.vtrofin-app";
				PRODUCT_NAME = "$(TARGET_NAME)";
				SWIFT_VERSION = 5.0;
				TARGETED_DEVICE_FAMILY = "1,2";
			};
			name = Release;
		};
		0B25896625E87C88008789DF /* Debug */ = {
			isa = XCBuildConfiguration;
			buildSettings = {
				ALWAYS_EMBED_SWIFT_STANDARD_LIBRARIES = YES;
				BUNDLE_LOADER = "$(TEST_HOST)";
				CODE_SIGN_STYLE = Automatic;
				INFOPLIST_FILE = "vtrofin-appTests/Info.plist";
				IPHONEOS_DEPLOYMENT_TARGET = 14.0;
				LD_RUNPATH_SEARCH_PATHS = (
					"$(inherited)",
					"@executable_path/Frameworks",
					"@loader_path/Frameworks",
				);
				PRODUCT_BUNDLE_IDENTIFIER = "vtrofin.vtrofin-appTests";
				PRODUCT_NAME = "$(TARGET_NAME)";
				SWIFT_VERSION = 5.0;
				TARGETED_DEVICE_FAMILY = "1,2";
				TEST_HOST = "$(BUILT_PRODUCTS_DIR)/vtrofin-app.app/vtrofin-app";
			};
			name = Debug;
		};
		0B25896725E87C88008789DF /* Release */ = {
			isa = XCBuildConfiguration;
			buildSettings = {
				ALWAYS_EMBED_SWIFT_STANDARD_LIBRARIES = YES;
				BUNDLE_LOADER = "$(TEST_HOST)";
				CODE_SIGN_STYLE = Automatic;
				INFOPLIST_FILE = "vtrofin-appTests/Info.plist";
				IPHONEOS_DEPLOYMENT_TARGET = 14.0;
				LD_RUNPATH_SEARCH_PATHS = (
					"$(inherited)",
					"@executable_path/Frameworks",
					"@loader_path/Frameworks",
				);
				PRODUCT_BUNDLE_IDENTIFIER = "vtrofin.vtrofin-appTests";
				PRODUCT_NAME = "$(TARGET_NAME)";
				SWIFT_VERSION = 5.0;
				TARGETED_DEVICE_FAMILY = "1,2";
				TEST_HOST = "$(BUILT_PRODUCTS_DIR)/vtrofin-app.app/vtrofin-app";
			};
			name = Release;
		};
		0B25896925E87C88008789DF /* Debug */ = {
			isa = XCBuildConfiguration;
			buildSettings = {
				ALWAYS_EMBED_SWIFT_STANDARD_LIBRARIES = YES;
				CODE_SIGN_STYLE = Automatic;
				INFOPLIST_FILE = "vtrofin-appUITests/Info.plist";
				LD_RUNPATH_SEARCH_PATHS = (
					"$(inherited)",
					"@executable_path/Frameworks",
					"@loader_path/Frameworks",
				);
				PRODUCT_BUNDLE_IDENTIFIER = "vtrofin.vtrofin-appUITests";
				PRODUCT_NAME = "$(TARGET_NAME)";
				SWIFT_VERSION = 5.0;
				TARGETED_DEVICE_FAMILY = "1,2";
				TEST_TARGET_NAME = "vtrofin-app";
			};
			name = Debug;
		};
		0B25896A25E87C88008789DF /* Release */ = {
			isa = XCBuildConfiguration;
			buildSettings = {
				ALWAYS_EMBED_SWIFT_STANDARD_LIBRARIES = YES;
				CODE_SIGN_STYLE = Automatic;
				INFOPLIST_FILE = "vtrofin-appUITests/Info.plist";
				LD_RUNPATH_SEARCH_PATHS = (
					"$(inherited)",
					"@executable_path/Frameworks",
					"@loader_path/Frameworks",
				);
				PRODUCT_BUNDLE_IDENTIFIER = "vtrofin.vtrofin-appUITests";
				PRODUCT_NAME = "$(TARGET_NAME)";
				SWIFT_VERSION = 5.0;
				TARGETED_DEVICE_FAMILY = "1,2";
				TEST_TARGET_NAME = "vtrofin-app";
			};
			name = Release;
		};
/* End XCBuildConfiguration section */

/* Begin XCConfigurationList section */
		0B25893825E87C87008789DF /* Build configuration list for PBXProject "vtrofin-app" */ = {
			isa = XCConfigurationList;
			buildConfigurations = (
				0B25896025E87C88008789DF /* Debug */,
				0B25896125E87C88008789DF /* Release */,
			);
			defaultConfigurationIsVisible = 0;
			defaultConfigurationName = Release;
		};
		0B25896225E87C88008789DF /* Build configuration list for PBXNativeTarget "vtrofin-app" */ = {
			isa = XCConfigurationList;
			buildConfigurations = (
				0B25896325E87C88008789DF /* Debug */,
				0B25896425E87C88008789DF /* Release */,
			);
			defaultConfigurationIsVisible = 0;
			defaultConfigurationName = Release;
		};
		0B25896525E87C88008789DF /* Build configuration list for PBXNativeTarget "vtrofin-appTests" */ = {
			isa = XCConfigurationList;
			buildConfigurations = (
				0B25896625E87C88008789DF /* Debug */,
				0B25896725E87C88008789DF /* Release */,
			);
			defaultConfigurationIsVisible = 0;
			defaultConfigurationName = Release;
		};
		0B25896825E87C88008789DF /* Build configuration list for PBXNativeTarget "vtrofin-appUITests" */ = {
			isa = XCConfigurationList;
			buildConfigurations = (
				0B25896925E87C88008789DF /* Debug */,
				0B25896A25E87C88008789DF /* Release */,
			);
			defaultConfigurationIsVisible = 0;
			defaultConfigurationName = Release;
		};
/* End XCConfigurationList section */
	};
	rootObject = 0B25893525E87C87008789DF /* Project object */;
}
